
Microsoft Visual Studio Solution File, Format Version 12.00
# Visual Studio Version 17
VisualStudioVersion = 17.7.34221.43
MinimumVisualStudioVersion = 10.0.40219.1
Project("{9A19103F-16F7-4668-BE54-9A1E7A4F7556}") = "Functors", "Functors\Functors.csproj", "{E31E45E7-A679-48E3-956F-591E4A528D48}"
EndProject
Project("{F2A71F9B-5D33-465A-A702-920D77279786}") = "WebApplication1", "WebApplication1\WebApplication1.fsproj", "{F59E101C-1DFE-4E23-9328-5CA3839601E3}"
EndProject
Project("{F2A71F9B-5D33-465A-A702-920D77279786}") = "ConsoleApp1", "ConsoleApp1\ConsoleApp1.fsproj", "{48B6F07D-3BB7-4DFF-9ED7-535A4EBD35AD}"
EndProject
Global
	GlobalSection(SolutionConfigurationPlatforms) = preSolution
		Debug|Any CPU = Debug|Any CPU
		Release|Any CPU = Release|Any CPU
	EndGlobalSection
	GlobalSection(ProjectConfigurationPlatforms) = postSolution
		{E31E45E7-A679-48E3-956F-591E4A528D48}.Debug|Any CPU.ActiveCfg = Debug|Any CPU
		{E31E45E7-A679-48E3-956F-591E4A528D48}.Debug|Any CPU.Build.0 = Debug|Any CPU
		{E31E45E7-A679-48E3-956F-591E4A528D48}.Release|Any CPU.ActiveCfg = Release|Any CPU
		{E31E45E7-A679-48E3-956F-591E4A528D48}.Release|Any CPU.Build.0 = Release|Any CPU
		{F59E101C-1DFE-4E23-9328-5CA3839601E3}.Debug|Any CPU.ActiveCfg = Debug|Any CPU
		{F59E101C-1DFE-4E23-9328-5CA3839601E3}.Debug|Any CPU.Build.0 = Debug|Any CPU
		{F59E101C-1DFE-4E23-9328-5CA3839601E3}.Release|Any CPU.ActiveCfg = Release|Any CPU
		{F59E101C-1DFE-4E23-9328-5CA3839601E3}.Release|Any CPU.Build.0 = Release|Any CPU
		{48B6F07D-3BB7-4DFF-9ED7-535A4EBD35AD}.Debug|Any CPU.ActiveCfg = Debug|Any CPU
		{48B6F07D-3BB7-4DFF-9ED7-535A4EBD35AD}.Debug|Any CPU.Build.0 = Debug|Any CPU
		{48B6F07D-3BB7-4DFF-9ED7-535A4EBD35AD}.Release|Any CPU.ActiveCfg = Release|Any CPU
		{48B6F07D-3BB7-4DFF-9ED7-535A4EBD35AD}.Release|Any CPU.Build.0 = Release|Any CPU
	EndGlobalSection
	GlobalSection(SolutionProperties) = preSolution
		HideSolutionNode = FALSE
	EndGlobalSection
	GlobalSection(ExtensibilityGlobals) = postSolution
		SolutionGuid = {3DA6C5A7-E169-4A2E-A2D7-D9B7A0FB30CA}
	EndGlobalSection
EndGlobal
